
Microsoft Visual Studio Solution File, Format Version 12.00
# Visual Studio Version 17
VisualStudioVersion = 17.8.34322.80
MinimumVisualStudioVersion = 10.0.40219.1
Project("{FAE04EC0-301F-11D3-BF4B-00C04F79EFBC}") = "PITCupCake.WebAPI", "PITCupCake.WebAPI\PITCupCake.WebAPI.csproj", "{56AC2FFA-8FFA-4CF9-9346-8E0076349EDB}"
EndProject
Global
	GlobalSection(SolutionConfigurationPlatforms) = preSolution
		Debug|Any CPU = Debug|Any CPU
		Release|Any CPU = Release|Any CPU
	EndGlobalSection
	GlobalSection(ProjectConfigurationPlatforms) = postSolution
		{56AC2FFA-8FFA-4CF9-9346-8E0076349EDB}.Debug|Any CPU.ActiveCfg = Debug|Any CPU
		{56AC2FFA-8FFA-4CF9-9346-8E0076349EDB}.Debug|Any CPU.Build.0 = Debug|Any CPU
		{56AC2FFA-8FFA-4CF9-9346-8E0076349EDB}.Release|Any CPU.ActiveCfg = Release|Any CPU
		{56AC2FFA-8FFA-4CF9-9346-8E0076349EDB}.Release|Any CPU.Build.0 = Release|Any CPU
	EndGlobalSection
	GlobalSection(SolutionProperties) = preSolution
		HideSolutionNode = FALSE
	EndGlobalSection
	GlobalSection(ExtensibilityGlobals) = postSolution
		SolutionGuid = {B54A8882-C8E6-4B72-8FC2-A8F591651F41}
	EndGlobalSection
EndGlobal
